// !$*UTF8*$!
{
	archiveVersion = 1;
	classes = {
	};
	objectVersion = 46;
	objects = {

/* Begin PBXBuildFile section */
		52AFE5641E4150CF00BF8FE7 /* AppDelegate.swift in Sources */ = {isa = PBXBuildFile; fileRef = 52AFE5631E4150CF00BF8FE7 /* AppDelegate.swift */; };
		52AFE5661E4150CF00BF8FE7 /* ViewController.swift in Sources */ = {isa = PBXBuildFile; fileRef = 52AFE5651E4150CF00BF8FE7 /* ViewController.swift */; };
		52AFE56B1E4150CF00BF8FE7 /* Assets.xcassets in Resources */ = {isa = PBXBuildFile; fileRef = 52AFE56A1E4150CF00BF8FE7 /* Assets.xcassets */; };
		52AFE56E1E4150CF00BF8FE7 /* LaunchScreen.storyboard in Resources */ = {isa = PBXBuildFile; fileRef = 52AFE56C1E4150CF00BF8FE7 /* LaunchScreen.storyboard */; };
		52AFE5761E41520D00BF8FE7 /* Main.storyboard in Resources */ = {isa = PBXBuildFile; fileRef = 52AFE5751E41520D00BF8FE7 /* Main.storyboard */; };
		52AFE5781E41523B00BF8FE7 /* SelectedTableViewController.swift in Sources */ = {isa = PBXBuildFile; fileRef = 52AFE5771E41523B00BF8FE7 /* SelectedTableViewController.swift */; };
		52AFE57A1E41525B00BF8FE7 /* ExampleAssetPickerViewController.swift in Sources */ = {isa = PBXBuildFile; fileRef = 52AFE5791E41525B00BF8FE7 /* ExampleAssetPickerViewController.swift */; };
		78553BCC0D29851087C5BC42 /* Pods_simple_asset_picker_example.framework in Frameworks */ = {isa = PBXBuildFile; fileRef = C577BD853677E1071FEDB8F7 /* Pods_simple_asset_picker_example.framework */; };
/* End PBXBuildFile section */

/* Begin PBXFileReference section */
		030F65FA464E25DDAE0F6B47 /* Pods-simple-asset-picker-example.debug.xcconfig */ = {isa = PBXFileReference; includeInIndex = 1; lastKnownFileType = text.xcconfig; name = "Pods-simple-asset-picker-example.debug.xcconfig"; path = "Pods/Target Support Files/Pods-simple-asset-picker-example/Pods-simple-asset-picker-example.debug.xcconfig"; sourceTree = "<group>"; };
		4CB876D634EAA781D77C8E26 /* Pods-simple-asset-picker-example.release.xcconfig */ = {isa = PBXFileReference; includeInIndex = 1; lastKnownFileType = text.xcconfig; name = "Pods-simple-asset-picker-example.release.xcconfig"; path = "Pods/Target Support Files/Pods-simple-asset-picker-example/Pods-simple-asset-picker-example.release.xcconfig"; sourceTree = "<group>"; };
		52AFE5601E4150CF00BF8FE7 /* simple-asset-picker-example.app */ = {isa = PBXFileReference; explicitFileType = wrapper.application; includeInIndex = 0; path = "simple-asset-picker-example.app"; sourceTree = BUILT_PRODUCTS_DIR; };
		52AFE5631E4150CF00BF8FE7 /* AppDelegate.swift */ = {isa = PBXFileReference; lastKnownFileType = sourcecode.swift; path = AppDelegate.swift; sourceTree = "<group>"; };
		52AFE5651E4150CF00BF8FE7 /* ViewController.swift */ = {isa = PBXFileReference; lastKnownFileType = sourcecode.swift; path = ViewController.swift; sourceTree = "<group>"; };
		52AFE56A1E4150CF00BF8FE7 /* Assets.xcassets */ = {isa = PBXFileReference; lastKnownFileType = folder.assetcatalog; path = Assets.xcassets; sourceTree = "<group>"; };
		52AFE56D1E4150CF00BF8FE7 /* Base */ = {isa = PBXFileReference; lastKnownFileType = file.storyboard; name = Base; path = Base.lproj/LaunchScreen.storyboard; sourceTree = "<group>"; };
		52AFE56F1E4150CF00BF8FE7 /* Info.plist */ = {isa = PBXFileReference; lastKnownFileType = text.plist.xml; path = Info.plist; sourceTree = "<group>"; };
		52AFE5751E41520D00BF8FE7 /* Main.storyboard */ = {isa = PBXFileReference; fileEncoding = 4; lastKnownFileType = file.storyboard; path = Main.storyboard; sourceTree = "<group>"; };
		52AFE5771E41523B00BF8FE7 /* SelectedTableViewController.swift */ = {isa = PBXFileReference; fileEncoding = 4; lastKnownFileType = sourcecode.swift; path = SelectedTableViewController.swift; sourceTree = "<group>"; };
		52AFE5791E41525B00BF8FE7 /* ExampleAssetPickerViewController.swift */ = {isa = PBXFileReference; fileEncoding = 4; lastKnownFileType = sourcecode.swift; path = ExampleAssetPickerViewController.swift; sourceTree = "<group>"; };
		C577BD853677E1071FEDB8F7 /* Pods_simple_asset_picker_example.framework */ = {isa = PBXFileReference; explicitFileType = wrapper.framework; includeInIndex = 0; path = Pods_simple_asset_picker_example.framework; sourceTree = BUILT_PRODUCTS_DIR; };
/* End PBXFileReference section */

/* Begin PBXFrameworksBuildPhase section */
		52AFE55D1E4150CF00BF8FE7 /* Frameworks */ = {
			isa = PBXFrameworksBuildPhase;
			buildActionMask = 2147483647;
			files = (
				78553BCC0D29851087C5BC42 /* Pods_simple_asset_picker_example.framework in Frameworks */,
			);
			runOnlyForDeploymentPostprocessing = 0;
		};
/* End PBXFrameworksBuildPhase section */

/* Begin PBXGroup section */
		35EB34EA6392590FAF47E4FC /* Frameworks */ = {
			isa = PBXGroup;
			children = (
				C577BD853677E1071FEDB8F7 /* Pods_simple_asset_picker_example.framework */,
			);
			name = Frameworks;
			sourceTree = "<group>";
		};
		52AFE5571E4150CF00BF8FE7 = {
			isa = PBXGroup;
			children = (
				52AFE5621E4150CF00BF8FE7 /* simple-asset-picker-example */,
				52AFE5611E4150CF00BF8FE7 /* Products */,
				6C68C79258B824257163C8CB /* Pods */,
				35EB34EA6392590FAF47E4FC /* Frameworks */,
			);
			sourceTree = "<group>";
		};
		52AFE5611E4150CF00BF8FE7 /* Products */ = {
			isa = PBXGroup;
			children = (
				52AFE5601E4150CF00BF8FE7 /* simple-asset-picker-example.app */,
			);
			name = Products;
			sourceTree = "<group>";
		};
		52AFE5621E4150CF00BF8FE7 /* simple-asset-picker-example */ = {
			isa = PBXGroup;
			children = (
				52AFE5631E4150CF00BF8FE7 /* AppDelegate.swift */,
				52AFE5651E4150CF00BF8FE7 /* ViewController.swift */,
				52AFE5791E41525B00BF8FE7 /* ExampleAssetPickerViewController.swift */,
				52AFE5771E41523B00BF8FE7 /* SelectedTableViewController.swift */,
				52AFE5751E41520D00BF8FE7 /* Main.storyboard */,
				52AFE56A1E4150CF00BF8FE7 /* Assets.xcassets */,
				52AFE56C1E4150CF00BF8FE7 /* LaunchScreen.storyboard */,
				52AFE56F1E4150CF00BF8FE7 /* Info.plist */,
			);
			path = "simple-asset-picker-example";
			sourceTree = "<group>";
		};
		6C68C79258B824257163C8CB /* Pods */ = {
			isa = PBXGroup;
			children = (
				030F65FA464E25DDAE0F6B47 /* Pods-simple-asset-picker-example.debug.xcconfig */,
				4CB876D634EAA781D77C8E26 /* Pods-simple-asset-picker-example.release.xcconfig */,
			);
			name = Pods;
			sourceTree = "<group>";
		};
/* End PBXGroup section */

/* Begin PBXNativeTarget section */
		52AFE55F1E4150CF00BF8FE7 /* simple-asset-picker-example */ = {
			isa = PBXNativeTarget;
			buildConfigurationList = 52AFE5721E4150CF00BF8FE7 /* Build configuration list for PBXNativeTarget "simple-asset-picker-example" */;
			buildPhases = (
				E6524548F19D8B59E547114A /* [CP] Check Pods Manifest.lock */,
				52AFE55C1E4150CF00BF8FE7 /* Sources */,
				52AFE55D1E4150CF00BF8FE7 /* Frameworks */,
				52AFE55E1E4150CF00BF8FE7 /* Resources */,
				0256D9CDD4F223DB488429D7 /* [CP] Embed Pods Frameworks */,
				54E47BEEAAE676B9FE46BD21 /* [CP] Copy Pods Resources */,
			);
			buildRules = (
			);
			dependencies = (
			);
			name = "simple-asset-picker-example";
			productName = "simple-asset-picker-example";
			productReference = 52AFE5601E4150CF00BF8FE7 /* simple-asset-picker-example.app */;
			productType = "com.apple.product-type.application";
		};
/* End PBXNativeTarget section */

/* Begin PBXProject section */
		52AFE5581E4150CF00BF8FE7 /* Project object */ = {
			isa = PBXProject;
			attributes = {
				LastSwiftUpdateCheck = 0820;
				LastUpgradeCheck = 0830;
				ORGANIZATIONNAME = "John Meeker";
				TargetAttributes = {
					52AFE55F1E4150CF00BF8FE7 = {
						CreatedOnToolsVersion = 8.2.1;
						DevelopmentTeam = HJWHRG4HXB;
						LastSwiftMigration = 0830;
						ProvisioningStyle = Automatic;
					};
				};
			};
			buildConfigurationList = 52AFE55B1E4150CF00BF8FE7 /* Build configuration list for PBXProject "simple-asset-picker-example" */;
			compatibilityVersion = "Xcode 3.2";
			developmentRegion = English;
			hasScannedForEncodings = 0;
			knownRegions = (
				en,
				Base,
			);
			mainGroup = 52AFE5571E4150CF00BF8FE7;
			productRefGroup = 52AFE5611E4150CF00BF8FE7 /* Products */;
			projectDirPath = "";
			projectRoot = "";
			targets = (
				52AFE55F1E4150CF00BF8FE7 /* simple-asset-picker-example */,
			);
		};
/* End PBXProject section */

/* Begin PBXResourcesBuildPhase section */
		52AFE55E1E4150CF00BF8FE7 /* Resources */ = {
			isa = PBXResourcesBuildPhase;
			buildActionMask = 2147483647;
			files = (
				52AFE56E1E4150CF00BF8FE7 /* LaunchScreen.storyboard in Resources */,
				52AFE56B1E4150CF00BF8FE7 /* Assets.xcassets in Resources */,
				52AFE5761E41520D00BF8FE7 /* Main.storyboard in Resources */,
			);
			runOnlyForDeploymentPostprocessing = 0;
		};
/* End PBXResourcesBuildPhase section */

/* Begin PBXShellScriptBuildPhase section */
		0256D9CDD4F223DB488429D7 /* [CP] Embed Pods Frameworks */ = {
			isa = PBXShellScriptBuildPhase;
			buildActionMask = 2147483647;
			files = (
			);
			inputPaths = (
			);
			name = "[CP] Embed Pods Frameworks";
			outputPaths = (
			);
			runOnlyForDeploymentPostprocessing = 0;
			shellPath = /bin/sh;
			shellScript = "\"${SRCROOT}/Pods/Target Support Files/Pods-simple-asset-picker-example/Pods-simple-asset-picker-example-frameworks.sh\"\n";
			showEnvVarsInLog = 0;
		};
		54E47BEEAAE676B9FE46BD21 /* [CP] Copy Pods Resources */ = {
			isa = PBXShellScriptBuildPhase;
			buildActionMask = 2147483647;
			files = (
			);
			inputPaths = (
			);
			name = "[CP] Copy Pods Resources";
			outputPaths = (
			);
			runOnlyForDeploymentPostprocessing = 0;
			shellPath = /bin/sh;
			shellScript = "\"${SRCROOT}/Pods/Target Support Files/Pods-simple-asset-picker-example/Pods-simple-asset-picker-example-resources.sh\"\n";
			showEnvVarsInLog = 0;
		};
		E6524548F19D8B59E547114A /* [CP] Check Pods Manifest.lock */ = {
			isa = PBXShellScriptBuildPhase;
			buildActionMask = 2147483647;
			files = (
			);
			inputPaths = (
			);
			name = "[CP] Check Pods Manifest.lock";
			outputPaths = (
			);
			runOnlyForDeploymentPostprocessing = 0;
			shellPath = /bin/sh;
			shellScript = "diff \"${PODS_ROOT}/../Podfile.lock\" \"${PODS_ROOT}/Manifest.lock\" > /dev/null\nif [ $? != 0 ] ; then\n    # print error to STDERR\n    echo \"error: The sandbox is not in sync with the Podfile.lock. Run 'pod install' or update your CocoaPods installation.\" >&2\n    exit 1\nfi\n";
			showEnvVarsInLog = 0;
		};
/* End PBXShellScriptBuildPhase section */

/* Begin PBXSourcesBuildPhase section */
		52AFE55C1E4150CF00BF8FE7 /* Sources */ = {
			isa = PBXSourcesBuildPhase;
			buildActionMask = 2147483647;
			files = (
				52AFE5781E41523B00BF8FE7 /* SelectedTableViewController.swift in Sources */,
				52AFE5661E4150CF00BF8FE7 /* ViewController.swift in Sources */,
				52AFE57A1E41525B00BF8FE7 /* ExampleAssetPickerViewController.swift in Sources */,
				52AFE5641E4150CF00BF8FE7 /* AppDelegate.swift in Sources */,
			);
			runOnlyForDeploymentPostprocessing = 0;
		};
/* End PBXSourcesBuildPhase section */

/* Begin PBXVariantGroup section */
		52AFE56C1E4150CF00BF8FE7 /* LaunchScreen.storyboard */ = {
			isa = PBXVariantGroup;
			children = (
				52AFE56D1E4150CF00BF8FE7 /* Base */,
			);
			name = LaunchScreen.storyboard;
			sourceTree = "<group>";
		};
/* End PBXVariantGroup section */

/* Begin XCBuildConfiguration section */
		52AFE5701E4150CF00BF8FE7 /* Debug */ = {
			isa = XCBuildConfiguration;
			buildSettings = {
				ALWAYS_SEARCH_USER_PATHS = NO;
				CLANG_ANALYZER_NONNULL = YES;
				CLANG_CXX_LANGUAGE_STANDARD = "gnu++0x";
				CLANG_CXX_LIBRARY = "libc++";
				CLANG_ENABLE_MODULES = YES;
				CLANG_ENABLE_OBJC_ARC = YES;
				CLANG_WARN_BOOL_CONVERSION = YES;
				CLANG_WARN_CONSTANT_CONVERSION = YES;
				CLANG_WARN_DIRECT_OBJC_ISA_USAGE = YES_ERROR;
				CLANG_WARN_DOCUMENTATION_COMMENTS = YES;
				CLANG_WARN_EMPTY_BODY = YES;
				CLANG_WARN_ENUM_CONVERSION = YES;
				CLANG_WARN_INFINITE_RECURSION = YES;
				CLANG_WARN_INT_CONVERSION = YES;
				CLANG_WARN_OBJC_ROOT_CLASS = YES_ERROR;
				CLANG_WARN_SUSPICIOUS_MOVE = YES;
				CLANG_WARN_UNREACHABLE_CODE = YES;
				CLANG_WARN__DUPLICATE_METHOD_MATCH = YES;
				"CODE_SIGN_IDENTITY[sdk=iphoneos*]" = "iPhone Developer";
				COPY_PHASE_STRIP = NO;
				DEBUG_INFORMATION_FORMAT = dwarf;
				ENABLE_STRICT_OBJC_MSGSEND = YES;
				ENABLE_TESTABILITY = YES;
				GCC_C_LANGUAGE_STANDARD = gnu99;
				GCC_DYNAMIC_NO_PIC = NO;
				GCC_NO_COMMON_BLOCKS = YES;
				GCC_OPTIMIZATION_LEVEL = 0;
				GCC_PREPROCESSOR_DEFINITIONS = (
					"DEBUG=1",
					"$(inherited)",
				);
				GCC_WARN_64_TO_32_BIT_CONVERSION = YES;
				GCC_WARN_ABOUT_RETURN_TYPE = YES_ERROR;
				GCC_WARN_UNDECLARED_SELECTOR = YES;
				GCC_WARN_UNINITIALIZED_AUTOS = YES_AGGRESSIVE;
				GCC_WARN_UNUSED_FUNCTION = YES;
				GCC_WARN_UNUSED_VARIABLE = YES;
				IPHONEOS_DEPLOYMENT_TARGET = 10.2;
				MTL_ENABLE_DEBUG_INFO = YES;
				ONLY_ACTIVE_ARCH = YES;
				SDKROOT = iphoneos;
				SWIFT_ACTIVE_COMPILATION_CONDITIONS = DEBUG;
				SWIFT_OPTIMIZATION_LEVEL = "-Onone";
				TARGETED_DEVICE_FAMILY = "1,2";
			};
			name = Debug;
		};
		52AFE5711E4150CF00BF8FE7 /* Release */ = {
			isa = XCBuildConfiguration;
			buildSettings = {
				ALWAYS_SEARCH_USER_PATHS = NO;
				CLANG_ANALYZER_NONNULL = YES;
				CLANG_CXX_LANGUAGE_STANDARD = "gnu++0x";
				CLANG_CXX_LIBRARY = "libc++";
				CLANG_ENABLE_MODULES = YES;
				CLANG_ENABLE_OBJC_ARC = YES;
				CLANG_WARN_BOOL_CONVERSION = YES;
				CLANG_WARN_CONSTANT_CONVERSION = YES;
				CLANG_WARN_DIRECT_OBJC_ISA_USAGE = YES_ERROR;
				CLANG_WARN_DOCUMENTATION_COMMENTS = YES;
				CLANG_WARN_EMPTY_BODY = YES;
				CLANG_WARN_ENUM_CONVERSION = YES;
				CLANG_WARN_INFINITE_RECURSION = YES;
				CLANG_WARN_INT_CONVERSION = YES;
				CLANG_WARN_OBJC_ROOT_CLASS = YES_ERROR;
				CLANG_WARN_SUSPICIOUS_MOVE = YES;
				CLANG_WARN_UNREACHABLE_CODE = YES;
				CLANG_WARN__DUPLICATE_METHOD_MATCH = YES;
				"CODE_SIGN_IDENTITY[sdk=iphoneos*]" = "iPhone Developer";
				COPY_PHASE_STRIP = NO;
				DEBUG_INFORMATION_FORMAT = "dwarf-with-dsym";
				ENABLE_NS_ASSERTIONS = NO;
				ENABLE_STRICT_OBJC_MSGSEND = YES;
				GCC_C_LANGUAGE_STANDARD = gnu99;
				GCC_NO_COMMON_BLOCKS = YES;
				GCC_WARN_64_TO_32_BIT_CONVERSION = YES;
				GCC_WARN_ABOUT_RETURN_TYPE = YES_ERROR;
				GCC_WARN_UNDECLARED_SELECTOR = YES;
				GCC_WARN_UNINITIALIZED_AUTOS = YES_AGGRESSIVE;
				GCC_WARN_UNUSED_FUNCTION = YES;
				GCC_WARN_UNUSED_VARIABLE = YES;
				IPHONEOS_DEPLOYMENT_TARGET = 10.2;
				MTL_ENABLE_DEBUG_INFO = NO;
				SDKROOT = iphoneos;
				SWIFT_OPTIMIZATION_LEVEL = "-Owholemodule";
				TARGETED_DEVICE_FAMILY = "1,2";
				VALIDATE_PRODUCT = YES;
			};
			name = Release;
		};
		52AFE5731E4150CF00BF8FE7 /* Debug */ = {
			isa = XCBuildConfiguration;
			baseConfigurationReference = 030F65FA464E25DDAE0F6B47 /* Pods-simple-asset-picker-example.debug.xcconfig */;
			buildSettings = {
				ALWAYS_EMBED_SWIFT_STANDARD_LIBRARIES = "$(inherited)";
				ASSETCATALOG_COMPILER_APPICON_NAME = AppIcon;
				DEVELOPMENT_TEAM = HJWHRG4HXB;
				INFOPLIST_FILE = "simple-asset-picker-example/Info.plist";
				LD_RUNPATH_SEARCH_PATHS = "$(inherited) @executable_path/Frameworks";
				PRODUCT_BUNDLE_IDENTIFIER = "jmkr.ios.simple-asset-picker-example";
				PRODUCT_NAME = "$(TARGET_NAME)";
				SWIFT_VERSION = 3.0;
			};
			name = Debug;
		};
		52AFE5741E4150CF00BF8FE7 /* Release */ = {
			isa = XCBuildConfiguration;
			baseConfigurationReference = 4CB876D634EAA781D77C8E26 /* Pods-simple-asset-picker-example.release.xcconfig */;
			buildSettings = {
				ALWAYS_EMBED_SWIFT_STANDARD_LIBRARIES = "$(inherited)";
				ASSETCATALOG_COMPILER_APPICON_NAME = AppIcon;
				DEVELOPMENT_TEAM = HJWHRG4HXB;
				INFOPLIST_FILE = "simple-asset-picker-example/Info.plist";
				LD_RUNPATH_SEARCH_PATHS = "$(inherited) @executable_path/Frameworks";
				PRODUCT_BUNDLE_IDENTIFIER = "jmkr.ios.simple-asset-picker-example";
				PRODUCT_NAME = "$(TARGET_NAME)";
				SWIFT_VERSION = 3.0;
			};
			name = Release;
		};
/* End XCBuildConfiguration section */

/* Begin XCConfigurationList section */
		52AFE55B1E4150CF00BF8FE7 /* Build configuration list for PBXProject "simple-asset-picker-example" */ = {
			isa = XCConfigurationList;
			buildConfigurations = (
				52AFE5701E4150CF00BF8FE7 /* Debug */,
				52AFE5711E4150CF00BF8FE7 /* Release */,
			);
			defaultConfigurationIsVisible = 0;
			defaultConfigurationName = Release;
		};
		52AFE5721E4150CF00BF8FE7 /* Build configuration list for PBXNativeTarget "simple-asset-picker-example" */ = {
			isa = XCConfigurationList;
			buildConfigurations = (
				52AFE5731E4150CF00BF8FE7 /* Debug */,
				52AFE5741E4150CF00BF8FE7 /* Release */,
			);
			defaultConfigurationIsVisible = 0;
			defaultConfigurationName = Release;
		};
/* End XCConfigurationList section */
	};
	rootObject = 52AFE5581E4150CF00BF8FE7 /* Project object */;
}
