// !$*UTF8*$!
{
	archiveVersion = 1;
	classes = {
	};
	objectVersion = 46;
	objects = {

/* Begin PBXBuildFile section */
		5217D9881D25A3AA004A6DED /* UIImage+SAPAdditions.swift in Sources */ = {isa = PBXBuildFile; fileRef = 5217D9871D25A3AA004A6DED /* UIImage+SAPAdditions.swift */; };
		5217D98A1D25A47C004A6DED /* SimpleAssetPicker.bundle in Resources */ = {isa = PBXBuildFile; fileRef = 5217D9891D25A47C004A6DED /* SimpleAssetPicker.bundle */; };
		526D65A41D19B0A100E8029C /* SimpleAssetPickerViewController.swift in Sources */ = {isa = PBXBuildFile; fileRef = 526D65A31D19B0A100E8029C /* SimpleAssetPickerViewController.swift */; };
		526D65AA1D21876900E8029C /* AssetCollectionViewCell.swift in Sources */ = {isa = PBXBuildFile; fileRef = 526D65A91D21876900E8029C /* AssetCollectionViewCell.swift */; };
		526D65AD1D2187D500E8029C /* NSIndexSet+Convenience.swift in Sources */ = {isa = PBXBuildFile; fileRef = 526D65AC1D2187D500E8029C /* NSIndexSet+Convenience.swift */; };
		526D65AF1D21880900E8029C /* CIImage+Convenience.swift in Sources */ = {isa = PBXBuildFile; fileRef = 526D65AE1D21880900E8029C /* CIImage+Convenience.swift */; };
		526D65B11D21889E00E8029C /* SimpleAssetPickerConfig.swift in Sources */ = {isa = PBXBuildFile; fileRef = 526D65B01D21889E00E8029C /* SimpleAssetPickerConfig.swift */; };
		52A261E21D2B3CA30088E565 /* GradientView.swift in Sources */ = {isa = PBXBuildFile; fileRef = 52A261E11D2B3CA30088E565 /* GradientView.swift */; };
		52FB68E11D14C10800C17E24 /* SimpleAssetPicker.h in Headers */ = {isa = PBXBuildFile; fileRef = 52FB68E01D14C10800C17E24 /* SimpleAssetPicker.h */; settings = {ATTRIBUTES = (Public, ); }; };
		99FDBD8010D23656422CC907 /* Pods_SimpleAssetPicker.framework in Frameworks */ = {isa = PBXBuildFile; fileRef = F2AE0C63CBAFFF71775584B3 /* Pods_SimpleAssetPicker.framework */; };
/* End PBXBuildFile section */

/* Begin PBXFileReference section */
		089B390F84BE2F46BFC000A3 /* Pods-SimpleAssetPicker.release.xcconfig */ = {isa = PBXFileReference; includeInIndex = 1; lastKnownFileType = text.xcconfig; name = "Pods-SimpleAssetPicker.release.xcconfig"; path = "Pods/Target Support Files/Pods-SimpleAssetPicker/Pods-SimpleAssetPicker.release.xcconfig"; sourceTree = "<group>"; };
		5217D9871D25A3AA004A6DED /* UIImage+SAPAdditions.swift */ = {isa = PBXFileReference; fileEncoding = 4; lastKnownFileType = sourcecode.swift; path = "UIImage+SAPAdditions.swift"; sourceTree = "<group>"; };
		5217D9891D25A47C004A6DED /* SimpleAssetPicker.bundle */ = {isa = PBXFileReference; lastKnownFileType = "wrapper.plug-in"; path = SimpleAssetPicker.bundle; sourceTree = "<group>"; };
		526D65A31D19B0A100E8029C /* SimpleAssetPickerViewController.swift */ = {isa = PBXFileReference; fileEncoding = 4; lastKnownFileType = sourcecode.swift; path = SimpleAssetPickerViewController.swift; sourceTree = "<group>"; };
		526D65A91D21876900E8029C /* AssetCollectionViewCell.swift */ = {isa = PBXFileReference; fileEncoding = 4; lastKnownFileType = sourcecode.swift; path = AssetCollectionViewCell.swift; sourceTree = "<group>"; };
		526D65AC1D2187D500E8029C /* NSIndexSet+Convenience.swift */ = {isa = PBXFileReference; fileEncoding = 4; lastKnownFileType = sourcecode.swift; path = "NSIndexSet+Convenience.swift"; sourceTree = "<group>"; };
		526D65AE1D21880900E8029C /* CIImage+Convenience.swift */ = {isa = PBXFileReference; fileEncoding = 4; lastKnownFileType = sourcecode.swift; path = "CIImage+Convenience.swift"; sourceTree = "<group>"; };
		526D65B01D21889E00E8029C /* SimpleAssetPickerConfig.swift */ = {isa = PBXFileReference; fileEncoding = 4; lastKnownFileType = sourcecode.swift; path = SimpleAssetPickerConfig.swift; sourceTree = "<group>"; };
		52A261E11D2B3CA30088E565 /* GradientView.swift */ = {isa = PBXFileReference; fileEncoding = 4; lastKnownFileType = sourcecode.swift; path = GradientView.swift; sourceTree = "<group>"; };
		52FB68DD1D14C10800C17E24 /* SimpleAssetPicker.framework */ = {isa = PBXFileReference; explicitFileType = wrapper.framework; includeInIndex = 0; path = SimpleAssetPicker.framework; sourceTree = BUILT_PRODUCTS_DIR; };
		52FB68E01D14C10800C17E24 /* SimpleAssetPicker.h */ = {isa = PBXFileReference; lastKnownFileType = sourcecode.c.h; path = SimpleAssetPicker.h; sourceTree = "<group>"; };
		52FB68E21D14C10800C17E24 /* Info.plist */ = {isa = PBXFileReference; lastKnownFileType = text.plist.xml; path = Info.plist; sourceTree = "<group>"; };
		D5523468A8549E9A7C2E35AE /* Pods-SimpleAssetPicker.debug.xcconfig */ = {isa = PBXFileReference; includeInIndex = 1; lastKnownFileType = text.xcconfig; name = "Pods-SimpleAssetPicker.debug.xcconfig"; path = "Pods/Target Support Files/Pods-SimpleAssetPicker/Pods-SimpleAssetPicker.debug.xcconfig"; sourceTree = "<group>"; };
		F2AE0C63CBAFFF71775584B3 /* Pods_SimpleAssetPicker.framework */ = {isa = PBXFileReference; explicitFileType = wrapper.framework; includeInIndex = 0; path = Pods_SimpleAssetPicker.framework; sourceTree = BUILT_PRODUCTS_DIR; };
/* End PBXFileReference section */

/* Begin PBXFrameworksBuildPhase section */
		52FB68D91D14C10800C17E24 /* Frameworks */ = {
			isa = PBXFrameworksBuildPhase;
			buildActionMask = 2147483647;
			files = (
				99FDBD8010D23656422CC907 /* Pods_SimpleAssetPicker.framework in Frameworks */,
			);
			runOnlyForDeploymentPostprocessing = 0;
		};
/* End PBXFrameworksBuildPhase section */

/* Begin PBXGroup section */
		5217D9861D25A380004A6DED /* Extensions */ = {
			isa = PBXGroup;
			children = (
				5217D9871D25A3AA004A6DED /* UIImage+SAPAdditions.swift */,
			);
			name = Extensions;
			sourceTree = "<group>";
		};
		526D65AB1D2187BF00E8029C /* Categories */ = {
			isa = PBXGroup;
			children = (
				526D65AC1D2187D500E8029C /* NSIndexSet+Convenience.swift */,
				526D65AE1D21880900E8029C /* CIImage+Convenience.swift */,
			);
			name = Categories;
			sourceTree = "<group>";
		};
		52FB68D31D14C10800C17E24 = {
			isa = PBXGroup;
			children = (
				52FB68DF1D14C10800C17E24 /* SimpleAssetPicker */,
				52FB68DE1D14C10800C17E24 /* Products */,
				AB433678CD71C67B8977C896 /* Pods */,
				56F68EEC79EA6BB543D8091B /* Frameworks */,
			);
			sourceTree = "<group>";
		};
		52FB68DE1D14C10800C17E24 /* Products */ = {
			isa = PBXGroup;
			children = (
				52FB68DD1D14C10800C17E24 /* SimpleAssetPicker.framework */,
			);
			name = Products;
			sourceTree = "<group>";
		};
		52FB68DF1D14C10800C17E24 /* SimpleAssetPicker */ = {
			isa = PBXGroup;
			children = (
				52FB68E01D14C10800C17E24 /* SimpleAssetPicker.h */,
				526D65AB1D2187BF00E8029C /* Categories */,
				52FB68E91D14C3E400C17E24 /* Controllers */,
				5217D9861D25A380004A6DED /* Extensions */,
				52FB68EA1D14C3ED00C17E24 /* Models */,
				52FB68EB1D14C3F600C17E24 /* Views */,
				52FB68E21D14C10800C17E24 /* Info.plist */,
				526D65B01D21889E00E8029C /* SimpleAssetPickerConfig.swift */,
				5217D9891D25A47C004A6DED /* SimpleAssetPicker.bundle */,
			);
			path = SimpleAssetPicker;
			sourceTree = "<group>";
		};
		52FB68E91D14C3E400C17E24 /* Controllers */ = {
			isa = PBXGroup;
			children = (
				526D65A31D19B0A100E8029C /* SimpleAssetPickerViewController.swift */,
			);
			name = Controllers;
			sourceTree = "<group>";
		};
		52FB68EA1D14C3ED00C17E24 /* Models */ = {
			isa = PBXGroup;
			children = (
			);
			name = Models;
			sourceTree = "<group>";
		};
		52FB68EB1D14C3F600C17E24 /* Views */ = {
			isa = PBXGroup;
			children = (
				526D65A91D21876900E8029C /* AssetCollectionViewCell.swift */,
				52A261E11D2B3CA30088E565 /* GradientView.swift */,
			);
			name = Views;
			sourceTree = "<group>";
		};
		56F68EEC79EA6BB543D8091B /* Frameworks */ = {
			isa = PBXGroup;
			children = (
				F2AE0C63CBAFFF71775584B3 /* Pods_SimpleAssetPicker.framework */,
			);
			name = Frameworks;
			sourceTree = "<group>";
		};
		AB433678CD71C67B8977C896 /* Pods */ = {
			isa = PBXGroup;
			children = (
				D5523468A8549E9A7C2E35AE /* Pods-SimpleAssetPicker.debug.xcconfig */,
				089B390F84BE2F46BFC000A3 /* Pods-SimpleAssetPicker.release.xcconfig */,
			);
			name = Pods;
			sourceTree = "<group>";
		};
/* End PBXGroup section */

/* Begin PBXHeadersBuildPhase section */
		52FB68DA1D14C10800C17E24 /* Headers */ = {
			isa = PBXHeadersBuildPhase;
			buildActionMask = 2147483647;
			files = (
				52FB68E11D14C10800C17E24 /* SimpleAssetPicker.h in Headers */,
			);
			runOnlyForDeploymentPostprocessing = 0;
		};
/* End PBXHeadersBuildPhase section */

/* Begin PBXNativeTarget section */
		52FB68DC1D14C10800C17E24 /* SimpleAssetPicker */ = {
			isa = PBXNativeTarget;
			buildConfigurationList = 52FB68E51D14C10800C17E24 /* Build configuration list for PBXNativeTarget "SimpleAssetPicker" */;
			buildPhases = (
				E82CECBF4D884B9B19842861 /* 📦 Check Pods Manifest.lock */,
				52FB68D81D14C10800C17E24 /* Sources */,
				52FB68D91D14C10800C17E24 /* Frameworks */,
				52FB68DA1D14C10800C17E24 /* Headers */,
				52FB68DB1D14C10800C17E24 /* Resources */,
				27E758A7A95653BAB7FCCECA /* 📦 Copy Pods Resources */,
			);
			buildRules = (
			);
			dependencies = (
			);
			name = SimpleAssetPicker;
			productName = SimpleAssetPicker;
			productReference = 52FB68DD1D14C10800C17E24 /* SimpleAssetPicker.framework */;
			productType = "com.apple.product-type.framework";
		};
/* End PBXNativeTarget section */

/* Begin PBXProject section */
		52FB68D41D14C10800C17E24 /* Project object */ = {
			isa = PBXProject;
			attributes = {
				LastUpgradeCheck = 0730;
				ORGANIZATIONNAME = "John Meeker";
				TargetAttributes = {
					52FB68DC1D14C10800C17E24 = {
						CreatedOnToolsVersion = 7.3.1;
					};
				};
			};
			buildConfigurationList = 52FB68D71D14C10800C17E24 /* Build configuration list for PBXProject "SimpleAssetPicker" */;
			compatibilityVersion = "Xcode 3.2";
			developmentRegion = English;
			hasScannedForEncodings = 0;
			knownRegions = (
				en,
			);
			mainGroup = 52FB68D31D14C10800C17E24;
			productRefGroup = 52FB68DE1D14C10800C17E24 /* Products */;
			projectDirPath = "";
			projectRoot = "";
			targets = (
				52FB68DC1D14C10800C17E24 /* SimpleAssetPicker */,
			);
		};
/* End PBXProject section */

/* Begin PBXResourcesBuildPhase section */
		52FB68DB1D14C10800C17E24 /* Resources */ = {
			isa = PBXResourcesBuildPhase;
			buildActionMask = 2147483647;
			files = (
				5217D98A1D25A47C004A6DED /* SimpleAssetPicker.bundle in Resources */,
			);
			runOnlyForDeploymentPostprocessing = 0;
		};
/* End PBXResourcesBuildPhase section */

/* Begin PBXShellScriptBuildPhase section */
		27E758A7A95653BAB7FCCECA /* 📦 Copy Pods Resources */ = {
			isa = PBXShellScriptBuildPhase;
			buildActionMask = 2147483647;
			files = (
			);
			inputPaths = (
			);
			name = "📦 Copy Pods Resources";
			outputPaths = (
			);
			runOnlyForDeploymentPostprocessing = 0;
			shellPath = /bin/sh;
			shellScript = "\"${SRCROOT}/Pods/Target Support Files/Pods-SimpleAssetPicker/Pods-SimpleAssetPicker-resources.sh\"\n";
			showEnvVarsInLog = 0;
		};
		E82CECBF4D884B9B19842861 /* 📦 Check Pods Manifest.lock */ = {
			isa = PBXShellScriptBuildPhase;
			buildActionMask = 2147483647;
			files = (
			);
			inputPaths = (
			);
			name = "📦 Check Pods Manifest.lock";
			outputPaths = (
			);
			runOnlyForDeploymentPostprocessing = 0;
			shellPath = /bin/sh;
			shellScript = "diff \"${PODS_ROOT}/../Podfile.lock\" \"${PODS_ROOT}/Manifest.lock\" > /dev/null\nif [[ $? != 0 ]] ; then\n    cat << EOM\nerror: The sandbox is not in sync with the Podfile.lock. Run 'pod install' or update your CocoaPods installation.\nEOM\n    exit 1\nfi\n";
			showEnvVarsInLog = 0;
		};
/* End PBXShellScriptBuildPhase section */

/* Begin PBXSourcesBuildPhase section */
		52FB68D81D14C10800C17E24 /* Sources */ = {
			isa = PBXSourcesBuildPhase;
			buildActionMask = 2147483647;
			files = (
				526D65A41D19B0A100E8029C /* SimpleAssetPickerViewController.swift in Sources */,
				526D65AF1D21880900E8029C /* CIImage+Convenience.swift in Sources */,
				5217D9881D25A3AA004A6DED /* UIImage+SAPAdditions.swift in Sources */,
				526D65B11D21889E00E8029C /* SimpleAssetPickerConfig.swift in Sources */,
				526D65AD1D2187D500E8029C /* NSIndexSet+Convenience.swift in Sources */,
				526D65AA1D21876900E8029C /* AssetCollectionViewCell.swift in Sources */,
				52A261E21D2B3CA30088E565 /* GradientView.swift in Sources */,
			);
			runOnlyForDeploymentPostprocessing = 0;
		};
/* End PBXSourcesBuildPhase section */

/* Begin XCBuildConfiguration section */
		52FB68E31D14C10800C17E24 /* Debug */ = {
			isa = XCBuildConfiguration;
			buildSettings = {
				ALWAYS_SEARCH_USER_PATHS = NO;
				CLANG_ANALYZER_NONNULL = YES;
				CLANG_CXX_LANGUAGE_STANDARD = "gnu++0x";
				CLANG_CXX_LIBRARY = "libc++";
				CLANG_ENABLE_MODULES = YES;
				CLANG_ENABLE_OBJC_ARC = YES;
				CLANG_WARN_BOOL_CONVERSION = YES;
				CLANG_WARN_CONSTANT_CONVERSION = YES;
				CLANG_WARN_DIRECT_OBJC_ISA_USAGE = YES_ERROR;
				CLANG_WARN_EMPTY_BODY = YES;
				CLANG_WARN_ENUM_CONVERSION = YES;
				CLANG_WARN_INT_CONVERSION = YES;
				CLANG_WARN_OBJC_ROOT_CLASS = YES_ERROR;
				CLANG_WARN_UNREACHABLE_CODE = YES;
				CLANG_WARN__DUPLICATE_METHOD_MATCH = YES;
				"CODE_SIGN_IDENTITY[sdk=iphoneos*]" = "iPhone Developer";
				COPY_PHASE_STRIP = NO;
				CURRENT_PROJECT_VERSION = 1;
				DEBUG_INFORMATION_FORMAT = dwarf;
				ENABLE_STRICT_OBJC_MSGSEND = YES;
				ENABLE_TESTABILITY = YES;
				GCC_C_LANGUAGE_STANDARD = gnu99;
				GCC_DYNAMIC_NO_PIC = NO;
				GCC_NO_COMMON_BLOCKS = YES;
				GCC_OPTIMIZATION_LEVEL = 0;
				GCC_PREPROCESSOR_DEFINITIONS = (
					"DEBUG=1",
					"$(inherited)",
				);
				GCC_WARN_64_TO_32_BIT_CONVERSION = YES;
				GCC_WARN_ABOUT_RETURN_TYPE = YES_ERROR;
				GCC_WARN_UNDECLARED_SELECTOR = YES;
				GCC_WARN_UNINITIALIZED_AUTOS = YES_AGGRESSIVE;
				GCC_WARN_UNUSED_FUNCTION = YES;
				GCC_WARN_UNUSED_VARIABLE = YES;
				IPHONEOS_DEPLOYMENT_TARGET = 9.3;
				MTL_ENABLE_DEBUG_INFO = YES;
				ONLY_ACTIVE_ARCH = YES;
				SDKROOT = iphoneos;
				SWIFT_OPTIMIZATION_LEVEL = "-Onone";
				TARGETED_DEVICE_FAMILY = "1,2";
				VERSIONING_SYSTEM = "apple-generic";
				VERSION_INFO_PREFIX = "";
			};
			name = Debug;
		};
		52FB68E41D14C10800C17E24 /* Release */ = {
			isa = XCBuildConfiguration;
			buildSettings = {
				ALWAYS_SEARCH_USER_PATHS = NO;
				CLANG_ANALYZER_NONNULL = YES;
				CLANG_CXX_LANGUAGE_STANDARD = "gnu++0x";
				CLANG_CXX_LIBRARY = "libc++";
				CLANG_ENABLE_MODULES = YES;
				CLANG_ENABLE_OBJC_ARC = YES;
				CLANG_WARN_BOOL_CONVERSION = YES;
				CLANG_WARN_CONSTANT_CONVERSION = YES;
				CLANG_WARN_DIRECT_OBJC_ISA_USAGE = YES_ERROR;
				CLANG_WARN_EMPTY_BODY = YES;
				CLANG_WARN_ENUM_CONVERSION = YES;
				CLANG_WARN_INT_CONVERSION = YES;
				CLANG_WARN_OBJC_ROOT_CLASS = YES_ERROR;
				CLANG_WARN_UNREACHABLE_CODE = YES;
				CLANG_WARN__DUPLICATE_METHOD_MATCH = YES;
				"CODE_SIGN_IDENTITY[sdk=iphoneos*]" = "iPhone Developer";
				COPY_PHASE_STRIP = NO;
				CURRENT_PROJECT_VERSION = 1;
				DEBUG_INFORMATION_FORMAT = "dwarf-with-dsym";
				ENABLE_NS_ASSERTIONS = NO;
				ENABLE_STRICT_OBJC_MSGSEND = YES;
				GCC_C_LANGUAGE_STANDARD = gnu99;
				GCC_NO_COMMON_BLOCKS = YES;
				GCC_WARN_64_TO_32_BIT_CONVERSION = YES;
				GCC_WARN_ABOUT_RETURN_TYPE = YES_ERROR;
				GCC_WARN_UNDECLARED_SELECTOR = YES;
				GCC_WARN_UNINITIALIZED_AUTOS = YES_AGGRESSIVE;
				GCC_WARN_UNUSED_FUNCTION = YES;
				GCC_WARN_UNUSED_VARIABLE = YES;
				IPHONEOS_DEPLOYMENT_TARGET = 9.3;
				MTL_ENABLE_DEBUG_INFO = NO;
				SDKROOT = iphoneos;
				TARGETED_DEVICE_FAMILY = "1,2";
				VALIDATE_PRODUCT = YES;
				VERSIONING_SYSTEM = "apple-generic";
				VERSION_INFO_PREFIX = "";
			};
			name = Release;
		};
		52FB68E61D14C10800C17E24 /* Debug */ = {
			isa = XCBuildConfiguration;
			baseConfigurationReference = D5523468A8549E9A7C2E35AE /* Pods-SimpleAssetPicker.debug.xcconfig */;
			buildSettings = {
				CLANG_ENABLE_MODULES = YES;
				DEFINES_MODULE = YES;
				DYLIB_COMPATIBILITY_VERSION = 1;
				DYLIB_CURRENT_VERSION = 1;
				DYLIB_INSTALL_NAME_BASE = "@rpath";
				INFOPLIST_FILE = SimpleAssetPicker/Info.plist;
				INSTALL_PATH = "$(LOCAL_LIBRARY_DIR)/Frameworks";
				LD_RUNPATH_SEARCH_PATHS = "$(inherited) @executable_path/Frameworks @loader_path/Frameworks";
				PRODUCT_BUNDLE_IDENTIFIER = jmkr.ios.SimpleAssetPicker;
				PRODUCT_NAME = "$(TARGET_NAME)";
				SKIP_INSTALL = YES;
				SWIFT_OPTIMIZATION_LEVEL = "-Onone";
			};
			name = Debug;
		};
		52FB68E71D14C10800C17E24 /* Release */ = {
			isa = XCBuildConfiguration;
			baseConfigurationReference = 089B390F84BE2F46BFC000A3 /* Pods-SimpleAssetPicker.release.xcconfig */;
			buildSettings = {
				CLANG_ENABLE_MODULES = YES;
				DEFINES_MODULE = YES;
				DYLIB_COMPATIBILITY_VERSION = 1;
				DYLIB_CURRENT_VERSION = 1;
				DYLIB_INSTALL_NAME_BASE = "@rpath";
				INFOPLIST_FILE = SimpleAssetPicker/Info.plist;
				INSTALL_PATH = "$(LOCAL_LIBRARY_DIR)/Frameworks";
				LD_RUNPATH_SEARCH_PATHS = "$(inherited) @executable_path/Frameworks @loader_path/Frameworks";
				PRODUCT_BUNDLE_IDENTIFIER = jmkr.ios.SimpleAssetPicker;
				PRODUCT_NAME = "$(TARGET_NAME)";
				SKIP_INSTALL = YES;
			};
			name = Release;
		};
/* End XCBuildConfiguration section */

/* Begin XCConfigurationList section */
		52FB68D71D14C10800C17E24 /* Build configuration list for PBXProject "SimpleAssetPicker" */ = {
			isa = XCConfigurationList;
			buildConfigurations = (
				52FB68E31D14C10800C17E24 /* Debug */,
				52FB68E41D14C10800C17E24 /* Release */,
			);
			defaultConfigurationIsVisible = 0;
			defaultConfigurationName = Release;
		};
		52FB68E51D14C10800C17E24 /* Build configuration list for PBXNativeTarget "SimpleAssetPicker" */ = {
			isa = XCConfigurationList;
			buildConfigurations = (
				52FB68E61D14C10800C17E24 /* Debug */,
				52FB68E71D14C10800C17E24 /* Release */,
			);
			defaultConfigurationIsVisible = 0;
			defaultConfigurationName = Release;
		};
/* End XCConfigurationList section */
	};
	rootObject = 52FB68D41D14C10800C17E24 /* Project object */;
}
